
Microsoft Visual Studio Solution File, Format Version 12.00
# Visual Studio 15
VisualStudioVersion = 15.0.28010.0
MinimumVisualStudioVersion = 10.0.40219.1
Project("{FAE04EC0-301F-11D3-BF4B-00C04F79EFBC}") = "Api_User", "Api_User\Api_User.csproj", "{46E87C55-2E9C-43AC-B2F6-50A29C3F4EC3}"
EndProject
Global
	GlobalSection(SolutionConfigurationPlatforms) = preSolution
		Debug|Any CPU = Debug|Any CPU
		Release|Any CPU = Release|Any CPU
	EndGlobalSection
	GlobalSection(ProjectConfigurationPlatforms) = postSolution
		{46E87C55-2E9C-43AC-B2F6-50A29C3F4EC3}.Debug|Any CPU.ActiveCfg = Debug|Any CPU
		{46E87C55-2E9C-43AC-B2F6-50A29C3F4EC3}.Debug|Any CPU.Build.0 = Debug|Any CPU
		{46E87C55-2E9C-43AC-B2F6-50A29C3F4EC3}.Release|Any CPU.ActiveCfg = Release|Any CPU
		{46E87C55-2E9C-43AC-B2F6-50A29C3F4EC3}.Release|Any CPU.Build.0 = Release|Any CPU
	EndGlobalSection
	GlobalSection(SolutionProperties) = preSolution
		HideSolutionNode = FALSE
	EndGlobalSection
	GlobalSection(ExtensibilityGlobals) = postSolution
		SolutionGuid = {F59835F5-DB4A-4347-80EA-7612DB3C63B6}
	EndGlobalSection
EndGlobal
